Microsoft Visual Studio Solution File, Format Version 11.00
# Visual Studio 2015

Project("{8BC9CEB8-8B4A-11D0-8D11-00A0C91BC942}") = "Perception Neuron Sender - App", "Perception Neuron Sender_App.vcxproj", "{D79DFEA1-44A8-4E21-59CD-01342B5543A2}"
EndProject
Global
	GlobalSection(SolutionConfigurationPlatforms) = preSolution
		Debug|x64 = Debug|x64
		Release|x64 = Release|x64
	EndGlobalSection
	GlobalSection(ProjectConfigurationPlatforms) = postSolution
		{D79DFEA1-44A8-4E21-59CD-01342B5543A2}.Debug|x64.ActiveCfg = Debug|x64
		{D79DFEA1-44A8-4E21-59CD-01342B5543A2}.Debug|x64.Build.0 = Debug|x64
		{D79DFEA1-44A8-4E21-59CD-01342B5543A2}.Release|x64.ActiveCfg = Release|x64
		{D79DFEA1-44A8-4E21-59CD-01342B5543A2}.Release|x64.Build.0 = Release|x64
	EndGlobalSection
	GlobalSection(SolutionProperties) = preSolution
		HideSolutionNode = FALSE
	EndGlobalSection
EndGlobal
